
Microsoft Visual Studio Solution File, Format Version 12.00
# Visual Studio Version 17
VisualStudioVersion = 17.4.33213.308
MinimumVisualStudioVersion = 10.0.40219.1
Project("{9A19103F-16F7-4668-BE54-9A1E7A4F7556}") = "Coursework", "Coursework\Coursework.csproj", "{CBB46B57-B011-4214-B7A5-100090CAFC07}"
EndProject
Global
	GlobalSection(SolutionConfigurationPlatforms) = preSolution
		Debug|Any CPU = Debug|Any CPU
		Release|Any CPU = Release|Any CPU
	EndGlobalSection
	GlobalSection(ProjectConfigurationPlatforms) = postSolution
		{CBB46B57-B011-4214-B7A5-100090CAFC07}.Debug|Any CPU.ActiveCfg = Debug|Any CPU
		{CBB46B57-B011-4214-B7A5-100090CAFC07}.Debug|Any CPU.Build.0 = Debug|Any CPU
		{CBB46B57-B011-4214-B7A5-100090CAFC07}.Release|Any CPU.ActiveCfg = Release|Any CPU
		{CBB46B57-B011-4214-B7A5-100090CAFC07}.Release|Any CPU.Build.0 = Release|Any CPU
	EndGlobalSection
	GlobalSection(SolutionProperties) = preSolution
		HideSolutionNode = FALSE
	EndGlobalSection
	GlobalSection(ExtensibilityGlobals) = postSolution
		SolutionGuid = {CCDB5E94-97E4-4107-AAE1-22651797BBBE}
	EndGlobalSection
EndGlobal
